
Microsoft Visual Studio Solution File, Format Version 12.00
# Visual Studio Version 17
VisualStudioVersion = 17.5.002.0
MinimumVisualStudioVersion = 10.0.40219.1
Project("{9A19103F-16F7-4668-BE54-9A1E7A4F7556}") = "TreatMe", "TreatMe.csproj", "{C3A4645F-0C63-4387-B875-96CD76A595F2}"
EndProject
Global
	GlobalSection(SolutionConfigurationPlatforms) = preSolution
		Debug|Any CPU = Debug|Any CPU
		Release|Any CPU = Release|Any CPU
	EndGlobalSection
	GlobalSection(ProjectConfigurationPlatforms) = postSolution
		{C3A4645F-0C63-4387-B875-96CD76A595F2}.Debug|Any CPU.ActiveCfg = Debug|Any CPU
		{C3A4645F-0C63-4387-B875-96CD76A595F2}.Debug|Any CPU.Build.0 = Debug|Any CPU
		{C3A4645F-0C63-4387-B875-96CD76A595F2}.Release|Any CPU.ActiveCfg = Release|Any CPU
		{C3A4645F-0C63-4387-B875-96CD76A595F2}.Release|Any CPU.Build.0 = Release|Any CPU
	EndGlobalSection
	GlobalSection(SolutionProperties) = preSolution
		HideSolutionNode = FALSE
	EndGlobalSection
	GlobalSection(ExtensibilityGlobals) = postSolution
		SolutionGuid = {9FBA7BBC-04A1-446C-9608-DD8010AD61D1}
	EndGlobalSection
EndGlobal
